
Microsoft Visual Studio Solution File, Format Version 12.00
# Visual Studio 15
VisualStudioVersion = 15.0.27703.2026
MinimumVisualStudioVersion = 10.0.40219.1
Project("{9A19103F-16F7-4668-BE54-9A1E7A4F7556}") = "BlazorRealm", "src\BlazorRealm\BlazorRealm.csproj", "{E3C73603-90EF-472B-9076-043650A367E9}"
EndProject
Project("{9A19103F-16F7-4668-BE54-9A1E7A4F7556}") = "BlazorStandAlone", "examples\BlazorStandAlone\BlazorStandAlone.csproj", "{B822325A-ED72-44FE-8721-3268C96C8B88}"
EndProject
Project("{9A19103F-16F7-4668-BE54-9A1E7A4F7556}") = "BlazorRealmAsync", "src\BlazorRealmAsync\BlazorRealmAsync.csproj", "{1BD0F7C1-0DD8-4600-9218-7728D6CE8D7F}"
EndProject
Global
	GlobalSection(SolutionConfigurationPlatforms) = preSolution
		Debug|Any CPU = Debug|Any CPU
		Release|Any CPU = Release|Any CPU
	EndGlobalSection
	GlobalSection(ProjectConfigurationPlatforms) = postSolution
		{E3C73603-90EF-472B-9076-043650A367E9}.Debug|Any CPU.ActiveCfg = Debug|Any CPU
		{E3C73603-90EF-472B-9076-043650A367E9}.Debug|Any CPU.Build.0 = Debug|Any CPU
		{E3C73603-90EF-472B-9076-043650A367E9}.Release|Any CPU.ActiveCfg = Release|Any CPU
		{E3C73603-90EF-472B-9076-043650A367E9}.Release|Any CPU.Build.0 = Release|Any CPU
		{B822325A-ED72-44FE-8721-3268C96C8B88}.Debug|Any CPU.ActiveCfg = Debug|Any CPU
		{B822325A-ED72-44FE-8721-3268C96C8B88}.Debug|Any CPU.Build.0 = Debug|Any CPU
		{B822325A-ED72-44FE-8721-3268C96C8B88}.Release|Any CPU.ActiveCfg = Release|Any CPU
		{B822325A-ED72-44FE-8721-3268C96C8B88}.Release|Any CPU.Build.0 = Release|Any CPU
		{1BD0F7C1-0DD8-4600-9218-7728D6CE8D7F}.Debug|Any CPU.ActiveCfg = Debug|Any CPU
		{1BD0F7C1-0DD8-4600-9218-7728D6CE8D7F}.Debug|Any CPU.Build.0 = Debug|Any CPU
		{1BD0F7C1-0DD8-4600-9218-7728D6CE8D7F}.Release|Any CPU.ActiveCfg = Release|Any CPU
		{1BD0F7C1-0DD8-4600-9218-7728D6CE8D7F}.Release|Any CPU.Build.0 = Release|Any CPU
	EndGlobalSection
	GlobalSection(SolutionProperties) = preSolution
		HideSolutionNode = FALSE
	EndGlobalSection
	GlobalSection(ExtensibilityGlobals) = postSolution
		SolutionGuid = {F4C630F2-1AF7-4815-BEF7-A6F4B52B4E56}
	EndGlobalSection
EndGlobal
