
Microsoft Visual Studio Solution File, Format Version 12.00
# Visual Studio Version 16
VisualStudioVersion = 16.0.28917.182
MinimumVisualStudioVersion = 10.0.40219.1
Project("{9A19103F-16F7-4668-BE54-9A1E7A4F7556}") = "BlazorRealm", "src\BlazorRealm\BlazorRealm.csproj", "{E3C73603-90EF-472B-9076-043650A367E9}"
EndProject
Project("{9A19103F-16F7-4668-BE54-9A1E7A4F7556}") = "BlazorRealmAsync", "src\BlazorRealmAsync\BlazorRealmAsync.csproj", "{1BD0F7C1-0DD8-4600-9218-7728D6CE8D7F}"
EndProject
Project("{9A19103F-16F7-4668-BE54-9A1E7A4F7556}") = "BlazorRealmReduxDevTools", "src\BlazorRealmReduxDevTools\BlazorRealmReduxDevTools.csproj", "{978D2FCB-A530-485D-A733-4C42E30FF38F}"
EndProject
Project("{9A19103F-16F7-4668-BE54-9A1E7A4F7556}") = "BlazorClientApp", "examples\BlazorClientApp\BlazorClientApp.csproj", "{03D3D602-4271-42D0-9DEF-FC54F392E894}"
EndProject
Project("{FAE04EC0-301F-11D3-BF4B-00C04F79EFBC}") = "BlazorServerApp", "examples\BlazorServerApp\BlazorServerApp.csproj", "{556C6233-FCAC-4477-868D-AB73660FED4A}"
EndProject
Global
	GlobalSection(SolutionConfigurationPlatforms) = preSolution
		Debug|Any CPU = Debug|Any CPU
		Release|Any CPU = Release|Any CPU
	EndGlobalSection
	GlobalSection(ProjectConfigurationPlatforms) = postSolution
		{E3C73603-90EF-472B-9076-043650A367E9}.Debug|Any CPU.ActiveCfg = Debug|Any CPU
		{E3C73603-90EF-472B-9076-043650A367E9}.Debug|Any CPU.Build.0 = Debug|Any CPU
		{E3C73603-90EF-472B-9076-043650A367E9}.Release|Any CPU.ActiveCfg = Release|Any CPU
		{E3C73603-90EF-472B-9076-043650A367E9}.Release|Any CPU.Build.0 = Release|Any CPU
		{1BD0F7C1-0DD8-4600-9218-7728D6CE8D7F}.Debug|Any CPU.ActiveCfg = Debug|Any CPU
		{1BD0F7C1-0DD8-4600-9218-7728D6CE8D7F}.Debug|Any CPU.Build.0 = Debug|Any CPU
		{1BD0F7C1-0DD8-4600-9218-7728D6CE8D7F}.Release|Any CPU.ActiveCfg = Release|Any CPU
		{1BD0F7C1-0DD8-4600-9218-7728D6CE8D7F}.Release|Any CPU.Build.0 = Release|Any CPU
		{978D2FCB-A530-485D-A733-4C42E30FF38F}.Debug|Any CPU.ActiveCfg = Debug|Any CPU
		{978D2FCB-A530-485D-A733-4C42E30FF38F}.Debug|Any CPU.Build.0 = Debug|Any CPU
		{978D2FCB-A530-485D-A733-4C42E30FF38F}.Release|Any CPU.ActiveCfg = Release|Any CPU
		{978D2FCB-A530-485D-A733-4C42E30FF38F}.Release|Any CPU.Build.0 = Release|Any CPU
		{03D3D602-4271-42D0-9DEF-FC54F392E894}.Debug|Any CPU.ActiveCfg = Debug|Any CPU
		{03D3D602-4271-42D0-9DEF-FC54F392E894}.Debug|Any CPU.Build.0 = Debug|Any CPU
		{03D3D602-4271-42D0-9DEF-FC54F392E894}.Release|Any CPU.ActiveCfg = Release|Any CPU
		{03D3D602-4271-42D0-9DEF-FC54F392E894}.Release|Any CPU.Build.0 = Release|Any CPU
		{556C6233-FCAC-4477-868D-AB73660FED4A}.Debug|Any CPU.ActiveCfg = Debug|Any CPU
		{556C6233-FCAC-4477-868D-AB73660FED4A}.Debug|Any CPU.Build.0 = Debug|Any CPU
		{556C6233-FCAC-4477-868D-AB73660FED4A}.Release|Any CPU.ActiveCfg = Release|Any CPU
		{556C6233-FCAC-4477-868D-AB73660FED4A}.Release|Any CPU.Build.0 = Release|Any CPU
	EndGlobalSection
	GlobalSection(SolutionProperties) = preSolution
		HideSolutionNode = FALSE
	EndGlobalSection
	GlobalSection(ExtensibilityGlobals) = postSolution
		SolutionGuid = {F4C630F2-1AF7-4815-BEF7-A6F4B52B4E56}
	EndGlobalSection
EndGlobal
